
Microsoft Visual Studio Solution File, Format Version 12.00
# Visual Studio 15
VisualStudioVersion = 15.0.28010.2026
MinimumVisualStudioVersion = 10.0.40219.1
Project("{FAE04EC0-301F-11D3-BF4B-00C04F79EFBC}") = "Resources", "Resources\Resources.csproj", "{356F3572-50A6-480D-96D6-D88A331A7B24}"
EndProject
Project("{2150E333-8FDC-42A3-9474-1A3956D46DE8}") = "Common", "Common", "{CD72BE95-90AF-4765-9582-952D85965FFE}"
EndProject
Project("{FAE04EC0-301F-11D3-BF4B-00C04F79EFBC}") = "Utility", "Utility\Utility.csproj", "{59C70BEF-0233-4E09-9C43-207857178167}"
EndProject
Project("{FAE04EC0-301F-11D3-BF4B-00C04F79EFBC}") = "DataAccessor", "DataAccessor\DataAccessor.csproj", "{73336A0C-21C6-46DA-A8A3-4426559F9063}"
EndProject
Project("{FAE04EC0-301F-11D3-BF4B-00C04F79EFBC}") = "Models", "Models\Models.csproj", "{EE88D3E0-FB37-4E96-9307-A07E87DE00AC}"
EndProject
Project("{FAE04EC0-301F-11D3-BF4B-00C04F79EFBC}") = "Site", "Site\Site.csproj", "{EB848253-F2AF-4D30-9913-22C7933AB15E}"
EndProject
Project("{2150E333-8FDC-42A3-9474-1A3956D46DE8}") = "Database", "Database", "{F082C1D2-D892-4EB6-975F-9A2AFFA5D1B1}"
EndProject
Project("{2150E333-8FDC-42A3-9474-1A3956D46DE8}") = "CheckManagement", "CheckManagement", "{5A92A711-7C64-41D2-84E5-83DCB9C3DEC5}"
EndProject
Project("{FAE04EC0-301F-11D3-BF4B-00C04F79EFBC}") = "DataAccessor.Check", "DataAccessor.Check\DataAccessor.Check.csproj", "{8EDDD36E-EF87-42CF-A6A7-9043E4ED0452}"
EndProject
Project("{FAE04EC0-301F-11D3-BF4B-00C04F79EFBC}") = "Models.Check", "Models.Check\Models.Check.csproj", "{FCF27EBB-8893-4312-80F4-BB3A361D492F}"
EndProject
Project("{2150E333-8FDC-42A3-9474-1A3956D46DE8}") = "WebAPI", "WebAPI", "{8D1666CD-8404-47DF-9B23-508DCFB7EF1D}"
EndProject
Project("{FAE04EC0-301F-11D3-BF4B-00C04F79EFBC}") = "WebAPI.Check", "WebAPI.Check\WebAPI.Check.csproj", "{5F3F87DF-1F3B-416C-A2E0-27798BC30FB0}"
EndProject
Project("{FAE04EC0-301F-11D3-BF4B-00C04F79EFBC}") = "Check", "Check\Check.csproj", "{3DF0D5E3-8FA9-4595-88C1-EA298461DF2F}"
EndProject
Project("{FAE04EC0-301F-11D3-BF4B-00C04F79EFBC}") = "Console", "Console\Console.csproj", "{8BBF87DB-2843-4A1A-8F79-1114334D863E}"
EndProject
Project("{FAE04EC0-301F-11D3-BF4B-00C04F79EFBC}") = "DataSync.Check", "DataSync.Check\DataSync.Check.csproj", "{D3FFF151-0CE3-41EB-8AD5-0FFAD802BE48}"
EndProject
Global
	GlobalSection(SolutionConfigurationPlatforms) = preSolution
		Debug|Any CPU = Debug|Any CPU
		Release|Any CPU = Release|Any CPU
	EndGlobalSection
	GlobalSection(ProjectConfigurationPlatforms) = postSolution
		{356F3572-50A6-480D-96D6-D88A331A7B24}.Debug|Any CPU.ActiveCfg = Debug|Any CPU
		{356F3572-50A6-480D-96D6-D88A331A7B24}.Debug|Any CPU.Build.0 = Debug|Any CPU
		{356F3572-50A6-480D-96D6-D88A331A7B24}.Release|Any CPU.ActiveCfg = Release|Any CPU
		{356F3572-50A6-480D-96D6-D88A331A7B24}.Release|Any CPU.Build.0 = Release|Any CPU
		{59C70BEF-0233-4E09-9C43-207857178167}.Debug|Any CPU.ActiveCfg = Debug|Any CPU
		{59C70BEF-0233-4E09-9C43-207857178167}.Debug|Any CPU.Build.0 = Debug|Any CPU
		{59C70BEF-0233-4E09-9C43-207857178167}.Release|Any CPU.ActiveCfg = Release|Any CPU
		{59C70BEF-0233-4E09-9C43-207857178167}.Release|Any CPU.Build.0 = Release|Any CPU
		{73336A0C-21C6-46DA-A8A3-4426559F9063}.Debug|Any CPU.ActiveCfg = Debug|Any CPU
		{73336A0C-21C6-46DA-A8A3-4426559F9063}.Debug|Any CPU.Build.0 = Debug|Any CPU
		{73336A0C-21C6-46DA-A8A3-4426559F9063}.Release|Any CPU.ActiveCfg = Release|Any CPU
		{73336A0C-21C6-46DA-A8A3-4426559F9063}.Release|Any CPU.Build.0 = Release|Any CPU
		{EE88D3E0-FB37-4E96-9307-A07E87DE00AC}.Debug|Any CPU.ActiveCfg = Debug|Any CPU
		{EE88D3E0-FB37-4E96-9307-A07E87DE00AC}.Debug|Any CPU.Build.0 = Debug|Any CPU
		{EE88D3E0-FB37-4E96-9307-A07E87DE00AC}.Release|Any CPU.ActiveCfg = Release|Any CPU
		{EE88D3E0-FB37-4E96-9307-A07E87DE00AC}.Release|Any CPU.Build.0 = Release|Any CPU
		{EB848253-F2AF-4D30-9913-22C7933AB15E}.Debug|Any CPU.ActiveCfg = Debug|Any CPU
		{EB848253-F2AF-4D30-9913-22C7933AB15E}.Debug|Any CPU.Build.0 = Debug|Any CPU
		{EB848253-F2AF-4D30-9913-22C7933AB15E}.Release|Any CPU.ActiveCfg = Release|Any CPU
		{EB848253-F2AF-4D30-9913-22C7933AB15E}.Release|Any CPU.Build.0 = Release|Any CPU
		{8EDDD36E-EF87-42CF-A6A7-9043E4ED0452}.Debug|Any CPU.ActiveCfg = Debug|Any CPU
		{8EDDD36E-EF87-42CF-A6A7-9043E4ED0452}.Debug|Any CPU.Build.0 = Debug|Any CPU
		{8EDDD36E-EF87-42CF-A6A7-9043E4ED0452}.Release|Any CPU.ActiveCfg = Release|Any CPU
		{8EDDD36E-EF87-42CF-A6A7-9043E4ED0452}.Release|Any CPU.Build.0 = Release|Any CPU
		{FCF27EBB-8893-4312-80F4-BB3A361D492F}.Debug|Any CPU.ActiveCfg = Debug|Any CPU
		{FCF27EBB-8893-4312-80F4-BB3A361D492F}.Debug|Any CPU.Build.0 = Debug|Any CPU
		{FCF27EBB-8893-4312-80F4-BB3A361D492F}.Release|Any CPU.ActiveCfg = Release|Any CPU
		{FCF27EBB-8893-4312-80F4-BB3A361D492F}.Release|Any CPU.Build.0 = Release|Any CPU
		{5F3F87DF-1F3B-416C-A2E0-27798BC30FB0}.Debug|Any CPU.ActiveCfg = Debug|Any CPU
		{5F3F87DF-1F3B-416C-A2E0-27798BC30FB0}.Debug|Any CPU.Build.0 = Debug|Any CPU
		{5F3F87DF-1F3B-416C-A2E0-27798BC30FB0}.Release|Any CPU.ActiveCfg = Release|Any CPU
		{5F3F87DF-1F3B-416C-A2E0-27798BC30FB0}.Release|Any CPU.Build.0 = Release|Any CPU
		{3DF0D5E3-8FA9-4595-88C1-EA298461DF2F}.Debug|Any CPU.ActiveCfg = Debug|Any CPU
		{3DF0D5E3-8FA9-4595-88C1-EA298461DF2F}.Debug|Any CPU.Build.0 = Debug|Any CPU
		{3DF0D5E3-8FA9-4595-88C1-EA298461DF2F}.Release|Any CPU.ActiveCfg = Release|Any CPU
		{3DF0D5E3-8FA9-4595-88C1-EA298461DF2F}.Release|Any CPU.Build.0 = Release|Any CPU
		{8BBF87DB-2843-4A1A-8F79-1114334D863E}.Debug|Any CPU.ActiveCfg = Debug|Any CPU
		{8BBF87DB-2843-4A1A-8F79-1114334D863E}.Debug|Any CPU.Build.0 = Debug|Any CPU
		{8BBF87DB-2843-4A1A-8F79-1114334D863E}.Release|Any CPU.ActiveCfg = Release|Any CPU
		{8BBF87DB-2843-4A1A-8F79-1114334D863E}.Release|Any CPU.Build.0 = Release|Any CPU
		{D3FFF151-0CE3-41EB-8AD5-0FFAD802BE48}.Debug|Any CPU.ActiveCfg = Debug|Any CPU
		{D3FFF151-0CE3-41EB-8AD5-0FFAD802BE48}.Debug|Any CPU.Build.0 = Debug|Any CPU
		{D3FFF151-0CE3-41EB-8AD5-0FFAD802BE48}.Release|Any CPU.ActiveCfg = Release|Any CPU
		{D3FFF151-0CE3-41EB-8AD5-0FFAD802BE48}.Release|Any CPU.Build.0 = Release|Any CPU
	EndGlobalSection
	GlobalSection(SolutionProperties) = preSolution
		HideSolutionNode = FALSE
	EndGlobalSection
	GlobalSection(NestedProjects) = preSolution
		{356F3572-50A6-480D-96D6-D88A331A7B24} = {CD72BE95-90AF-4765-9582-952D85965FFE}
		{59C70BEF-0233-4E09-9C43-207857178167} = {CD72BE95-90AF-4765-9582-952D85965FFE}
		{73336A0C-21C6-46DA-A8A3-4426559F9063} = {CD72BE95-90AF-4765-9582-952D85965FFE}
		{EE88D3E0-FB37-4E96-9307-A07E87DE00AC} = {CD72BE95-90AF-4765-9582-952D85965FFE}
		{8EDDD36E-EF87-42CF-A6A7-9043E4ED0452} = {5A92A711-7C64-41D2-84E5-83DCB9C3DEC5}
		{FCF27EBB-8893-4312-80F4-BB3A361D492F} = {5A92A711-7C64-41D2-84E5-83DCB9C3DEC5}
		{8D1666CD-8404-47DF-9B23-508DCFB7EF1D} = {5A92A711-7C64-41D2-84E5-83DCB9C3DEC5}
		{5F3F87DF-1F3B-416C-A2E0-27798BC30FB0} = {8D1666CD-8404-47DF-9B23-508DCFB7EF1D}
		{3DF0D5E3-8FA9-4595-88C1-EA298461DF2F} = {F082C1D2-D892-4EB6-975F-9A2AFFA5D1B1}
		{8BBF87DB-2843-4A1A-8F79-1114334D863E} = {F082C1D2-D892-4EB6-975F-9A2AFFA5D1B1}
		{D3FFF151-0CE3-41EB-8AD5-0FFAD802BE48} = {8D1666CD-8404-47DF-9B23-508DCFB7EF1D}
	EndGlobalSection
	GlobalSection(ExtensibilityGlobals) = postSolution
		SolutionGuid = {2F504FBC-D0A3-4890-B7A3-DF2B9DFE6DEE}
	EndGlobalSection
EndGlobal
